// !$*UTF8*$!
{
	archiveVersion = 1;
	classes = {
	};
	objectVersion = 46;
	objects = {

/* Begin PBXBuildFile section */
		1B19663016C47A67003CE1B9 /* ShinobiCharts.framework in Frameworks */ = {isa = PBXBuildFile; fileRef = 1B19662F16C47A67003CE1B9 /* ShinobiCharts.framework */; };
		1B36CD8216C47E66000679A2 /* Security.framework in Frameworks */ = {isa = PBXBuildFile; fileRef = 1B36CD8116C47E66000679A2 /* Security.framework */; };
		1B6EA5E316C0779600963111 /* SAxMLaunchController.m in Sources */ = {isa = PBXBuildFile; fileRef = 1B6EA5E216C0779600963111 /* SAxMLaunchController.m */; };
		1B6EA5EB16C0A27300963111 /* SAxM_Launch_Pad_CIA_150x150_sel.png in Resources */ = {isa = PBXBuildFile; fileRef = 1B6EA5E516C0A27300963111 /* SAxM_Launch_Pad_CIA_150x150_sel.png */; };
		1B6EA5EC16C0A27300963111 /* SAxM_Launch_Pad_COA_150x150_sel.png in Resources */ = {isa = PBXBuildFile; fileRef = 1B6EA5E616C0A27300963111 /* SAxM_Launch_Pad_COA_150x150_sel.png */; };
		1B6EA5ED16C0A27300963111 /* SAxM_Launch_Pad_DA_150x150_sel.png in Resources */ = {isa = PBXBuildFile; fileRef = 1B6EA5E716C0A27300963111 /* SAxM_Launch_Pad_DA_150x150_sel.png */; };
		1B6EA5EE16C0A27300963111 /* SAxM_Launch_Pad_DSA_150x150_sel.png in Resources */ = {isa = PBXBuildFile; fileRef = 1B6EA5E816C0A27300963111 /* SAxM_Launch_Pad_DSA_150x150_sel.png */; };
		1B6EA5EF16C0A27300963111 /* SAxM_Launch_Pad_TPA_150x150_sel.png in Resources */ = {isa = PBXBuildFile; fileRef = 1B6EA5E916C0A27300963111 /* SAxM_Launch_Pad_TPA_150x150_sel.png */; };
		1B6EA5F016C0A27300963111 /* SAxM_Launch_Pad_UR_150x150_sel.png in Resources */ = {isa = PBXBuildFile; fileRef = 1B6EA5EA16C0A27300963111 /* SAxM_Launch_Pad_UR_150x150_sel.png */; };
		1BAB4F9916C543C70029E78C /* ShinobiLicense.m in Sources */ = {isa = PBXBuildFile; fileRef = 1BAB4F9816C543C70029E78C /* ShinobiLicense.m */; };
		1BAB4F9B16C545200029E78C /* ShinobiSettings.plist in Resources */ = {isa = PBXBuildFile; fileRef = 1BAB4F9A16C545200029E78C /* ShinobiSettings.plist */; };
		1BAB4F9F16C55B830029E78C /* SAxRequestGetData.m in Sources */ = {isa = PBXBuildFile; fileRef = 1BAB4F9E16C55B830029E78C /* SAxRequestGetData.m */; };
		1BAB4FB916C55FFD0029E78C /* DataProviderService.m in Sources */ = {isa = PBXBuildFile; fileRef = 1BAB4FA216C55FFD0029E78C /* DataProviderService.m */; settings = {COMPILER_FLAGS = "-fno-objc-arc"; }; };
		1BAB4FBA16C55FFD0029E78C /* ns1.m in Sources */ = {isa = PBXBuildFile; fileRef = 1BAB4FA416C55FFD0029E78C /* ns1.m */; settings = {COMPILER_FLAGS = "-fno-objc-arc"; }; };
		1BAB4FBB16C55FFD0029E78C /* NSDate+ISO8601Parsing.m in Sources */ = {isa = PBXBuildFile; fileRef = 1BAB4FA616C55FFD0029E78C /* NSDate+ISO8601Parsing.m */; settings = {COMPILER_FLAGS = "-fno-objc-arc"; }; };
		1BAB4FBC16C55FFD0029E78C /* NSDate+ISO8601Unparsing.m in Sources */ = {isa = PBXBuildFile; fileRef = 1BAB4FA816C55FFD0029E78C /* NSDate+ISO8601Unparsing.m */; settings = {COMPILER_FLAGS = "-fno-objc-arc"; }; };
		1BAB4FBD16C55FFD0029E78C /* tns1.m in Sources */ = {isa = PBXBuildFile; fileRef = 1BAB4FAA16C55FFD0029E78C /* tns1.m */; settings = {COMPILER_FLAGS = "-fno-objc-arc"; }; };
		1BAB4FBE16C55FFD0029E78C /* tns2.m in Sources */ = {isa = PBXBuildFile; fileRef = 1BAB4FAC16C55FFD0029E78C /* tns2.m */; settings = {COMPILER_FLAGS = "-fno-objc-arc"; }; };
		1BAB4FBF16C55FFD0029E78C /* tns3.m in Sources */ = {isa = PBXBuildFile; fileRef = 1BAB4FAE16C55FFD0029E78C /* tns3.m */; settings = {COMPILER_FLAGS = "-fno-objc-arc"; }; };
		1BAB4FC016C55FFD0029E78C /* tns4.m in Sources */ = {isa = PBXBuildFile; fileRef = 1BAB4FB016C55FFD0029E78C /* tns4.m */; settings = {COMPILER_FLAGS = "-fno-objc-arc"; }; };
		1BAB4FC116C55FFD0029E78C /* tns5.m in Sources */ = {isa = PBXBuildFile; fileRef = 1BAB4FB216C55FFD0029E78C /* tns5.m */; settings = {COMPILER_FLAGS = "-fno-objc-arc"; }; };
		1BAB4FC216C55FFD0029E78C /* USAdditions.m in Sources */ = {isa = PBXBuildFile; fileRef = 1BAB4FB416C55FFD0029E78C /* USAdditions.m */; settings = {COMPILER_FLAGS = "-fno-objc-arc"; }; };
		1BAB4FC316C55FFD0029E78C /* USGlobals.m in Sources */ = {isa = PBXBuildFile; fileRef = 1BAB4FB616C55FFD0029E78C /* USGlobals.m */; settings = {COMPILER_FLAGS = "-fno-objc-arc"; }; };
		1BAB4FC416C55FFD0029E78C /* xs.m in Sources */ = {isa = PBXBuildFile; fileRef = 1BAB4FB816C55FFD0029E78C /* xs.m */; settings = {COMPILER_FLAGS = "-fno-objc-arc"; }; };
		1BAB4FC616C560DB0029E78C /* CFNetwork.framework in Frameworks */ = {isa = PBXBuildFile; fileRef = 1BAB4FC516C560DB0029E78C /* CFNetwork.framework */; };
		1BBC330A16C046D300EBB576 /* UIKit.framework in Frameworks */ = {isa = PBXBuildFile; fileRef = 1BBC330916C046D300EBB576 /* UIKit.framework */; };
		1BBC330C16C046D300EBB576 /* Foundation.framework in Frameworks */ = {isa = PBXBuildFile; fileRef = 1BBC330B16C046D300EBB576 /* Foundation.framework */; };
		1BBC330E16C046D300EBB576 /* CoreGraphics.framework in Frameworks */ = {isa = PBXBuildFile; fileRef = 1BBC330D16C046D300EBB576 /* CoreGraphics.framework */; };
		1BBC331416C046D300EBB576 /* InfoPlist.strings in Resources */ = {isa = PBXBuildFile; fileRef = 1BBC331216C046D300EBB576 /* InfoPlist.strings */; };
		1BBC331616C046D300EBB576 /* main.m in Sources */ = {isa = PBXBuildFile; fileRef = 1BBC331516C046D300EBB576 /* main.m */; };
		1BBC331A16C046D300EBB576 /* SAxAppDelegate.m in Sources */ = {isa = PBXBuildFile; fileRef = 1BBC331916C046D300EBB576 /* SAxAppDelegate.m */; };
		1BBC331C16C046D300EBB576 /* Default.png in Resources */ = {isa = PBXBuildFile; fileRef = 1BBC331B16C046D300EBB576 /* Default.png */; };
		1BBC331E16C046D300EBB576 /* Default@2x.png in Resources */ = {isa = PBXBuildFile; fileRef = 1BBC331D16C046D300EBB576 /* Default@2x.png */; };
		1BBC332016C046D300EBB576 /* Default-568h@2x.png in Resources */ = {isa = PBXBuildFile; fileRef = 1BBC331F16C046D300EBB576 /* Default-568h@2x.png */; };
		1BBC332316C046D300EBB576 /* MainStoryboard_iPhone.storyboard in Resources */ = {isa = PBXBuildFile; fileRef = 1BBC332116C046D300EBB576 /* MainStoryboard_iPhone.storyboard */; };
		1BBC332616C046D300EBB576 /* MainStoryboard_iPad.storyboard in Resources */ = {isa = PBXBuildFile; fileRef = 1BBC332416C046D300EBB576 /* MainStoryboard_iPad.storyboard */; };
		1BBC332916C046D300EBB576 /* SAxViewController.m in Sources */ = {isa = PBXBuildFile; fileRef = 1BBC332816C046D300EBB576 /* SAxViewController.m */; };
		1BBC333816C0475C00EBB576 /* SAxC_238x31.png in Resources */ = {isa = PBXBuildFile; fileRef = 1BBC333016C0475C00EBB576 /* SAxC_238x31.png */; };
		1BBC333916C0475C00EBB576 /* SAxM_238x31.png in Resources */ = {isa = PBXBuildFile; fileRef = 1BBC333116C0475C00EBB576 /* SAxM_238x31.png */; };
		1BBC333A16C0475C00EBB576 /* SAxM_Launch_Pad_CIA_150x150.png in Resources */ = {isa = PBXBuildFile; fileRef = 1BBC333216C0475C00EBB576 /* SAxM_Launch_Pad_CIA_150x150.png */; };
		1BBC333B16C0475C00EBB576 /* SAxM_Launch_Pad_COA_150x150.png in Resources */ = {isa = PBXBuildFile; fileRef = 1BBC333316C0475C00EBB576 /* SAxM_Launch_Pad_COA_150x150.png */; };
		1BBC333C16C0475C00EBB576 /* SAxM_Launch_Pad_DA_150x150.png in Resources */ = {isa = PBXBuildFile; fileRef = 1BBC333416C0475C00EBB576 /* SAxM_Launch_Pad_DA_150x150.png */; };
		1BBC333D16C0475C00EBB576 /* SAxM_Launch_Pad_DSA_150x150.png in Resources */ = {isa = PBXBuildFile; fileRef = 1BBC333516C0475C00EBB576 /* SAxM_Launch_Pad_DSA_150x150.png */; };
		1BBC333E16C0475C00EBB576 /* SAxM_Launch_Pad_TPA_150x150.png in Resources */ = {isa = PBXBuildFile; fileRef = 1BBC333616C0475C00EBB576 /* SAxM_Launch_Pad_TPA_150x150.png */; };
		1BBC333F16C0475C00EBB576 /* SAxM_Launch_Pad_UR_150x150.png in Resources */ = {isa = PBXBuildFile; fileRef = 1BBC333716C0475C00EBB576 /* SAxM_Launch_Pad_UR_150x150.png */; };
		1BDD07E716C3176300126EEC /* SAxDSAViewController.m in Sources */ = {isa = PBXBuildFile; fileRef = 1BDD07E616C3176300126EEC /* SAxDSAViewController.m */; };
		1BDD07EA16C318C500126EEC /* SAxDSAPodTableViewController.m in Sources */ = {isa = PBXBuildFile; fileRef = 1BDD07E916C318C500126EEC /* SAxDSAPodTableViewController.m */; };
		1BDD07EF16C3406700126EEC /* SAx_DashboardPods.plist in Resources */ = {isa = PBXBuildFile; fileRef = 1BDD07EE16C3406700126EEC /* SAx_DashboardPods.plist */; };
		1BDD07F116C34B8A00126EEC /* colorful_chart.png in Resources */ = {isa = PBXBuildFile; fileRef = 1BDD07F016C34B8A00126EEC /* colorful_chart.png */; };
		1BDD080416C448C800126EEC /* QuartzCore.framework in Frameworks */ = {isa = PBXBuildFile; fileRef = 1BDD080316C448C800126EEC /* QuartzCore.framework */; };
		1BDD080616C448D100126EEC /* OpenGLES.framework in Frameworks */ = {isa = PBXBuildFile; fileRef = 1BDD080516C448D100126EEC /* OpenGLES.framework */; };
/* End PBXBuildFile section */

/* Begin PBXFileReference section */
		1B19662F16C47A67003CE1B9 /* ShinobiCharts.framework */ = {isa = PBXFileReference; lastKnownFileType = wrapper.framework; name = ShinobiCharts.framework; path = "../../../ShinobiCharts Trial/ShinobiCharts.embeddedframework/ShinobiCharts.framework"; sourceTree = "<group>"; };
		1B36CD8116C47E66000679A2 /* Security.framework */ = {isa = PBXFileReference; lastKnownFileType = wrapper.framework; name = Security.framework; path = System/Library/Frameworks/Security.framework; sourceTree = SDKROOT; };
		1B6EA5E116C0779600963111 /* SAxMLaunchController.h */ = {isa = PBXFileReference; fileEncoding = 4; lastKnownFileType = sourcecode.c.h; path = SAxMLaunchController.h; sourceTree = "<group>"; };
		1B6EA5E216C0779600963111 /* SAxMLaunchController.m */ = {isa = PBXFileReference; fileEncoding = 4; lastKnownFileType = sourcecode.c.objc; path = SAxMLaunchController.m; sourceTree = "<group>"; };
		1B6EA5E516C0A27300963111 /* SAxM_Launch_Pad_CIA_150x150_sel.png */ = {isa = PBXFileReference; lastKnownFileType = image.png; name = SAxM_Launch_Pad_CIA_150x150_sel.png; path = saxmiconsselected/SAxM_Launch_Pad_CIA_150x150_sel.png; sourceTree = "<group>"; };
		1B6EA5E616C0A27300963111 /* SAxM_Launch_Pad_COA_150x150_sel.png */ = {isa = PBXFileReference; lastKnownFileType = image.png; name = SAxM_Launch_Pad_COA_150x150_sel.png; path = saxmiconsselected/SAxM_Launch_Pad_COA_150x150_sel.png; sourceTree = "<group>"; };
		1B6EA5E716C0A27300963111 /* SAxM_Launch_Pad_DA_150x150_sel.png */ = {isa = PBXFileReference; lastKnownFileType = image.png; name = SAxM_Launch_Pad_DA_150x150_sel.png; path = saxmiconsselected/SAxM_Launch_Pad_DA_150x150_sel.png; sourceTree = "<group>"; };
		1B6EA5E816C0A27300963111 /* SAxM_Launch_Pad_DSA_150x150_sel.png */ = {isa = PBXFileReference; lastKnownFileType = image.png; name = SAxM_Launch_Pad_DSA_150x150_sel.png; path = saxmiconsselected/SAxM_Launch_Pad_DSA_150x150_sel.png; sourceTree = "<group>"; };
		1B6EA5E916C0A27300963111 /* SAxM_Launch_Pad_TPA_150x150_sel.png */ = {isa = PBXFileReference; lastKnownFileType = image.png; name = SAxM_Launch_Pad_TPA_150x150_sel.png; path = saxmiconsselected/SAxM_Launch_Pad_TPA_150x150_sel.png; sourceTree = "<group>"; };
		1B6EA5EA16C0A27300963111 /* SAxM_Launch_Pad_UR_150x150_sel.png */ = {isa = PBXFileReference; lastKnownFileType = image.png; name = SAxM_Launch_Pad_UR_150x150_sel.png; path = saxmiconsselected/SAxM_Launch_Pad_UR_150x150_sel.png; sourceTree = "<group>"; };
		1BAB4F9716C543C70029E78C /* ShinobiLicense.h */ = {isa = PBXFileReference; fileEncoding = 4; lastKnownFileType = sourcecode.c.h; path = ShinobiLicense.h; sourceTree = "<group>"; };
		1BAB4F9816C543C70029E78C /* ShinobiLicense.m */ = {isa = PBXFileReference; fileEncoding = 4; lastKnownFileType = sourcecode.c.objc; path = ShinobiLicense.m; sourceTree = "<group>"; };
		1BAB4F9A16C545200029E78C /* ShinobiSettings.plist */ = {isa = PBXFileReference; fileEncoding = 4; lastKnownFileType = text.plist.xml; path = ShinobiSettings.plist; sourceTree = "<group>"; };
		1BAB4F9D16C55B830029E78C /* SAxRequestGetData.h */ = {isa = PBXFileReference; fileEncoding = 4; lastKnownFileType = sourcecode.c.h; path = SAxRequestGetData.h; sourceTree = "<group>"; };
		1BAB4F9E16C55B830029E78C /* SAxRequestGetData.m */ = {isa = PBXFileReference; fileEncoding = 4; lastKnownFileType = sourcecode.c.objc; path = SAxRequestGetData.m; sourceTree = "<group>"; };
		1BAB4FA116C55FFD0029E78C /* DataProviderService.h */ = {isa = PBXFileReference; fileEncoding = 4; lastKnownFileType = sourcecode.c.h; path = DataProviderService.h; sourceTree = "<group>"; };
		1BAB4FA216C55FFD0029E78C /* DataProviderService.m */ = {isa = PBXFileReference; fileEncoding = 4; lastKnownFileType = sourcecode.c.objc; path = DataProviderService.m; sourceTree = "<group>"; };
		1BAB4FA316C55FFD0029E78C /* ns1.h */ = {isa = PBXFileReference; fileEncoding = 4; lastKnownFileType = sourcecode.c.h; path = ns1.h; sourceTree = "<group>"; };
		1BAB4FA416C55FFD0029E78C /* ns1.m */ = {isa = PBXFileReference; fileEncoding = 4; lastKnownFileType = sourcecode.c.objc; path = ns1.m; sourceTree = "<group>"; };
		1BAB4FA516C55FFD0029E78C /* NSDate+ISO8601Parsing.h */ = {isa = PBXFileReference; fileEncoding = 4; lastKnownFileType = sourcecode.c.h; path = "NSDate+ISO8601Parsing.h"; sourceTree = "<group>"; };
		1BAB4FA616C55FFD0029E78C /* NSDate+ISO8601Parsing.m */ = {isa = PBXFileReference; fileEncoding = 4; lastKnownFileType = sourcecode.c.objc; path = "NSDate+ISO8601Parsing.m"; sourceTree = "<group>"; };
		1BAB4FA716C55FFD0029E78C /* NSDate+ISO8601Unparsing.h */ = {isa = PBXFileReference; fileEncoding = 4; lastKnownFileType = sourcecode.c.h; path = "NSDate+ISO8601Unparsing.h"; sourceTree = "<group>"; };
		1BAB4FA816C55FFD0029E78C /* NSDate+ISO8601Unparsing.m */ = {isa = PBXFileReference; fileEncoding = 4; lastKnownFileType = sourcecode.c.objc; path = "NSDate+ISO8601Unparsing.m"; sourceTree = "<group>"; };
		1BAB4FA916C55FFD0029E78C /* tns1.h */ = {isa = PBXFileReference; fileEncoding = 4; lastKnownFileType = sourcecode.c.h; path = tns1.h; sourceTree = "<group>"; };
		1BAB4FAA16C55FFD0029E78C /* tns1.m */ = {isa = PBXFileReference; fileEncoding = 4; lastKnownFileType = sourcecode.c.objc; path = tns1.m; sourceTree = "<group>"; };
		1BAB4FAB16C55FFD0029E78C /* tns2.h */ = {isa = PBXFileReference; fileEncoding = 4; lastKnownFileType = sourcecode.c.h; path = tns2.h; sourceTree = "<group>"; };
		1BAB4FAC16C55FFD0029E78C /* tns2.m */ = {isa = PBXFileReference; fileEncoding = 4; lastKnownFileType = sourcecode.c.objc; path = tns2.m; sourceTree = "<group>"; };
		1BAB4FAD16C55FFD0029E78C /* tns3.h */ = {isa = PBXFileReference; fileEncoding = 4; lastKnownFileType = sourcecode.c.h; path = tns3.h; sourceTree = "<group>"; };
		1BAB4FAE16C55FFD0029E78C /* tns3.m */ = {isa = PBXFileReference; fileEncoding = 4; lastKnownFileType = sourcecode.c.objc; path = tns3.m; sourceTree = "<group>"; };
		1BAB4FAF16C55FFD0029E78C /* tns4.h */ = {isa = PBXFileReference; fileEncoding = 4; lastKnownFileType = sourcecode.c.h; path = tns4.h; sourceTree = "<group>"; };
		1BAB4FB016C55FFD0029E78C /* tns4.m */ = {isa = PBXFileReference; fileEncoding = 4; lastKnownFileType = sourcecode.c.objc; path = tns4.m; sourceTree = "<group>"; };
		1BAB4FB116C55FFD0029E78C /* tns5.h */ = {isa = PBXFileReference; fileEncoding = 4; lastKnownFileType = sourcecode.c.h; path = tns5.h; sourceTree = "<group>"; };
		1BAB4FB216C55FFD0029E78C /* tns5.m */ = {isa = PBXFileReference; fileEncoding = 4; lastKnownFileType = sourcecode.c.objc; path = tns5.m; sourceTree = "<group>"; };
		1BAB4FB316C55FFD0029E78C /* USAdditions.h */ = {isa = PBXFileReference; fileEncoding = 4; lastKnownFileType = sourcecode.c.h; path = USAdditions.h; sourceTree = "<group>"; };
		1BAB4FB416C55FFD0029E78C /* USAdditions.m */ = {isa = PBXFileReference; fileEncoding = 4; lastKnownFileType = sourcecode.c.objc; path = USAdditions.m; sourceTree = "<group>"; };
		1BAB4FB516C55FFD0029E78C /* USGlobals.h */ = {isa = PBXFileReference; fileEncoding = 4; lastKnownFileType = sourcecode.c.h; path = USGlobals.h; sourceTree = "<group>"; };
		1BAB4FB616C55FFD0029E78C /* USGlobals.m */ = {isa = PBXFileReference; fileEncoding = 4; lastKnownFileType = sourcecode.c.objc; path = USGlobals.m; sourceTree = "<group>"; };
		1BAB4FB716C55FFD0029E78C /* xs.h */ = {isa = PBXFileReference; fileEncoding = 4; lastKnownFileType = sourcecode.c.h; path = xs.h; sourceTree = "<group>"; };
		1BAB4FB816C55FFD0029E78C /* xs.m */ = {isa = PBXFileReference; fileEncoding = 4; lastKnownFileType = sourcecode.c.objc; path = xs.m; sourceTree = "<group>"; };
		1BAB4FC516C560DB0029E78C /* CFNetwork.framework */ = {isa = PBXFileReference; lastKnownFileType = wrapper.framework; name = CFNetwork.framework; path = System/Library/Frameworks/CFNetwork.framework; sourceTree = SDKROOT; };
		1BBC330616C046D300EBB576 /* SAx Lite2.app */ = {isa = PBXFileReference; explicitFileType = wrapper.application; includeInIndex = 0; path = "SAx Lite2.app"; sourceTree = BUILT_PRODUCTS_DIR; };
		1BBC330916C046D300EBB576 /* UIKit.framework */ = {isa = PBXFileReference; lastKnownFileType = wrapper.framework; name = UIKit.framework; path = System/Library/Frameworks/UIKit.framework; sourceTree = SDKROOT; };
		1BBC330B16C046D300EBB576 /* Foundation.framework */ = {isa = PBXFileReference; lastKnownFileType = wrapper.framework; name = Foundation.framework; path = System/Library/Frameworks/Foundation.framework; sourceTree = SDKROOT; };
		1BBC330D16C046D300EBB576 /* CoreGraphics.framework */ = {isa = PBXFileReference; lastKnownFileType = wrapper.framework; name = CoreGraphics.framework; path = System/Library/Frameworks/CoreGraphics.framework; sourceTree = SDKROOT; };
		1BBC331116C046D300EBB576 /* SAx Lite2-Info.plist */ = {isa = PBXFileReference; lastKnownFileType = text.plist.xml; path = "SAx Lite2-Info.plist"; sourceTree = "<group>"; };
		1BBC331316C046D300EBB576 /* en */ = {isa = PBXFileReference; lastKnownFileType = text.plist.strings; name = en; path = en.lproj/InfoPlist.strings; sourceTree = "<group>"; };
		1BBC331516C046D300EBB576 /* main.m */ = {isa = PBXFileReference; lastKnownFileType = sourcecode.c.objc; path = main.m; sourceTree = "<group>"; };
		1BBC331716C046D300EBB576 /* SAx Lite2-Prefix.pch */ = {isa = PBXFileReference; lastKnownFileType = sourcecode.c.h; path = "SAx Lite2-Prefix.pch"; sourceTree = "<group>"; };
		1BBC331816C046D300EBB576 /* SAxAppDelegate.h */ = {isa = PBXFileReference; lastKnownFileType = sourcecode.c.h; path = SAxAppDelegate.h; sourceTree = "<group>"; };
		1BBC331916C046D300EBB576 /* SAxAppDelegate.m */ = {isa = PBXFileReference; lastKnownFileType = sourcecode.c.objc; path = SAxAppDelegate.m; sourceTree = "<group>"; };
		1BBC331B16C046D300EBB576 /* Default.png */ = {isa = PBXFileReference; lastKnownFileType = image.png; path = Default.png; sourceTree = "<group>"; };
		1BBC331D16C046D300EBB576 /* Default@2x.png */ = {isa = PBXFileReference; lastKnownFileType = image.png; path = "Default@2x.png"; sourceTree = "<group>"; };
		1BBC331F16C046D300EBB576 /* Default-568h@2x.png */ = {isa = PBXFileReference; lastKnownFileType = image.png; path = "Default-568h@2x.png"; sourceTree = "<group>"; };
		1BBC332216C046D300EBB576 /* en */ = {isa = PBXFileReference; lastKnownFileType = file.storyboard; name = en; path = en.lproj/MainStoryboard_iPhone.storyboard; sourceTree = "<group>"; };
		1BBC332516C046D300EBB576 /* en */ = {isa = PBXFileReference; lastKnownFileType = file.storyboard; name = en; path = en.lproj/MainStoryboard_iPad.storyboard; sourceTree = "<group>"; };
		1BBC332716C046D300EBB576 /* SAxViewController.h */ = {isa = PBXFileReference; lastKnownFileType = sourcecode.c.h; path = SAxViewController.h; sourceTree = "<group>"; };
		1BBC332816C046D300EBB576 /* SAxViewController.m */ = {isa = PBXFileReference; lastKnownFileType = sourcecode.c.objc; path = SAxViewController.m; sourceTree = "<group>"; };
		1BBC333016C0475C00EBB576 /* SAxC_238x31.png */ = {isa = PBXFileReference; lastKnownFileType = image.png; path = SAxC_238x31.png; sourceTree = "<group>"; };
		1BBC333116C0475C00EBB576 /* SAxM_238x31.png */ = {isa = PBXFileReference; lastKnownFileType = image.png; path = SAxM_238x31.png; sourceTree = "<group>"; };
		1BBC333216C0475C00EBB576 /* SAxM_Launch_Pad_CIA_150x150.png */ = {isa = PBXFileReference; lastKnownFileType = image.png; path = SAxM_Launch_Pad_CIA_150x150.png; sourceTree = "<group>"; };
		1BBC333316C0475C00EBB576 /* SAxM_Launch_Pad_COA_150x150.png */ = {isa = PBXFileReference; lastKnownFileType = image.png; path = SAxM_Launch_Pad_COA_150x150.png; sourceTree = "<group>"; };
		1BBC333416C0475C00EBB576 /* SAxM_Launch_Pad_DA_150x150.png */ = {isa = PBXFileReference; lastKnownFileType = image.png; path = SAxM_Launch_Pad_DA_150x150.png; sourceTree = "<group>"; };
		1BBC333516C0475C00EBB576 /* SAxM_Launch_Pad_DSA_150x150.png */ = {isa = PBXFileReference; lastKnownFileType = image.png; path = SAxM_Launch_Pad_DSA_150x150.png; sourceTree = "<group>"; };
		1BBC333616C0475C00EBB576 /* SAxM_Launch_Pad_TPA_150x150.png */ = {isa = PBXFileReference; lastKnownFileType = image.png; path = SAxM_Launch_Pad_TPA_150x150.png; sourceTree = "<group>"; };
		1BBC333716C0475C00EBB576 /* SAxM_Launch_Pad_UR_150x150.png */ = {isa = PBXFileReference; lastKnownFileType = image.png; path = SAxM_Launch_Pad_UR_150x150.png; sourceTree = "<group>"; };
		1BDD07E516C3176300126EEC /* SAxDSAViewController.h */ = {isa = PBXFileReference; fileEncoding = 4; lastKnownFileType = sourcecode.c.h; path = SAxDSAViewController.h; sourceTree = "<group>"; };
		1BDD07E616C3176300126EEC /* SAxDSAViewController.m */ = {isa = PBXFileReference; fileEncoding = 4; lastKnownFileType = sourcecode.c.objc; path = SAxDSAViewController.m; sourceTree = "<group>"; };
		1BDD07E816C318C500126EEC /* SAxDSAPodTableViewController.h */ = {isa = PBXFileReference; fileEncoding = 4; lastKnownFileType = sourcecode.c.h; path = SAxDSAPodTableViewController.h; sourceTree = "<group>"; };
		1BDD07E916C318C500126EEC /* SAxDSAPodTableViewController.m */ = {isa = PBXFileReference; fileEncoding = 4; lastKnownFileType = sourcecode.c.objc; path = SAxDSAPodTableViewController.m; sourceTree = "<group>"; };
		1BDD07EE16C3406700126EEC /* SAx_DashboardPods.plist */ = {isa = PBXFileReference; fileEncoding = 4; lastKnownFileType = text.plist.xml; path = SAx_DashboardPods.plist; sourceTree = "<group>"; };
		1BDD07F016C34B8A00126EEC /* colorful_chart.png */ = {isa = PBXFileReference; lastKnownFileType = image.png; path = colorful_chart.png; sourceTree = "<group>"; };
		1BDD080316C448C800126EEC /* QuartzCore.framework */ = {isa = PBXFileReference; lastKnownFileType = wrapper.framework; name = QuartzCore.framework; path = System/Library/Frameworks/QuartzCore.framework; sourceTree = SDKROOT; };
		1BDD080516C448D100126EEC /* OpenGLES.framework */ = {isa = PBXFileReference; lastKnownFileType = wrapper.framework; name = OpenGLES.framework; path = System/Library/Frameworks/OpenGLES.framework; sourceTree = SDKROOT; };
/* End PBXFileReference section */

/* Begin PBXFrameworksBuildPhase section */
		1BBC330316C046D300EBB576 /* Frameworks */ = {
			isa = PBXFrameworksBuildPhase;
			buildActionMask = 2147483647;
			files = (
				1BAB4FC616C560DB0029E78C /* CFNetwork.framework in Frameworks */,
				1B36CD8216C47E66000679A2 /* Security.framework in Frameworks */,
				1B19663016C47A67003CE1B9 /* ShinobiCharts.framework in Frameworks */,
				1BDD080616C448D100126EEC /* OpenGLES.framework in Frameworks */,
				1BDD080416C448C800126EEC /* QuartzCore.framework in Frameworks */,
				1BBC330A16C046D300EBB576 /* UIKit.framework in Frameworks */,
				1BBC330C16C046D300EBB576 /* Foundation.framework in Frameworks */,
				1BBC330E16C046D300EBB576 /* CoreGraphics.framework in Frameworks */,
			);
			runOnlyForDeploymentPostprocessing = 0;
		};
/* End PBXFrameworksBuildPhase section */

/* Begin PBXGroup section */
		1BAB4F9616C543880029E78C /* Shinobi */ = {
			isa = PBXGroup;
			children = (
				1BAB4F9716C543C70029E78C /* ShinobiLicense.h */,
				1BAB4F9816C543C70029E78C /* ShinobiLicense.m */,
				1BAB4F9A16C545200029E78C /* ShinobiSettings.plist */,
			);
			name = Shinobi;
			sourceTree = "<group>";
		};
		1BAB4F9C16C555B00029E78C /* Model */ = {
			isa = PBXGroup;
			children = (
				1BAB4F9D16C55B830029E78C /* SAxRequestGetData.h */,
				1BAB4F9E16C55B830029E78C /* SAxRequestGetData.m */,
			);
			name = Model;
			sourceTree = "<group>";
		};
		1BAB4FA016C55FDF0029E78C /* SOAP */ = {
			isa = PBXGroup;
			children = (
				1BAB4FA116C55FFD0029E78C /* DataProviderService.h */,
				1BAB4FA216C55FFD0029E78C /* DataProviderService.m */,
				1BAB4FA316C55FFD0029E78C /* ns1.h */,
				1BAB4FA416C55FFD0029E78C /* ns1.m */,
				1BAB4FA516C55FFD0029E78C /* NSDate+ISO8601Parsing.h */,
				1BAB4FA616C55FFD0029E78C /* NSDate+ISO8601Parsing.m */,
				1BAB4FA716C55FFD0029E78C /* NSDate+ISO8601Unparsing.h */,
				1BAB4FA816C55FFD0029E78C /* NSDate+ISO8601Unparsing.m */,
				1BAB4FA916C55FFD0029E78C /* tns1.h */,
				1BAB4FAA16C55FFD0029E78C /* tns1.m */,
				1BAB4FAB16C55FFD0029E78C /* tns2.h */,
				1BAB4FAC16C55FFD0029E78C /* tns2.m */,
				1BAB4FAD16C55FFD0029E78C /* tns3.h */,
				1BAB4FAE16C55FFD0029E78C /* tns3.m */,
				1BAB4FAF16C55FFD0029E78C /* tns4.h */,
				1BAB4FB016C55FFD0029E78C /* tns4.m */,
				1BAB4FB116C55FFD0029E78C /* tns5.h */,
				1BAB4FB216C55FFD0029E78C /* tns5.m */,
				1BAB4FB316C55FFD0029E78C /* USAdditions.h */,
				1BAB4FB416C55FFD0029E78C /* USAdditions.m */,
				1BAB4FB516C55FFD0029E78C /* USGlobals.h */,
				1BAB4FB616C55FFD0029E78C /* USGlobals.m */,
				1BAB4FB716C55FFD0029E78C /* xs.h */,
				1BAB4FB816C55FFD0029E78C /* xs.m */,
			);
			name = SOAP;
			sourceTree = "<group>";
		};
		1BBC32FD16C046D300EBB576 = {
			isa = PBXGroup;
			children = (
				1BBC330F16C046D300EBB576 /* SAx Lite2 */,
				1BBC330816C046D300EBB576 /* Frameworks */,
				1BBC330716C046D300EBB576 /* Products */,
			);
			sourceTree = "<group>";
		};
		1BBC330716C046D300EBB576 /* Products */ = {
			isa = PBXGroup;
			children = (
				1BBC330616C046D300EBB576 /* SAx Lite2.app */,
			);
			name = Products;
			sourceTree = "<group>";
		};
		1BBC330816C046D300EBB576 /* Frameworks */ = {
			isa = PBXGroup;
			children = (
				1BAB4FC516C560DB0029E78C /* CFNetwork.framework */,
				1B36CD8116C47E66000679A2 /* Security.framework */,
				1B19662F16C47A67003CE1B9 /* ShinobiCharts.framework */,
				1BDD080516C448D100126EEC /* OpenGLES.framework */,
				1BDD080316C448C800126EEC /* QuartzCore.framework */,
				1BBC330916C046D300EBB576 /* UIKit.framework */,
				1BBC330B16C046D300EBB576 /* Foundation.framework */,
				1BBC330D16C046D300EBB576 /* CoreGraphics.framework */,
			);
			name = Frameworks;
			sourceTree = "<group>";
		};
		1BBC330F16C046D300EBB576 /* SAx Lite2 */ = {
			isa = PBXGroup;
			children = (
				1BAB4FA016C55FDF0029E78C /* SOAP */,
				1BAB4F9C16C555B00029E78C /* Model */,
				1BAB4F9616C543880029E78C /* Shinobi */,
				1BBC332F16C0471800EBB576 /* Images */,
				1BBC331816C046D300EBB576 /* SAxAppDelegate.h */,
				1BBC331916C046D300EBB576 /* SAxAppDelegate.m */,
				1BBC332116C046D300EBB576 /* MainStoryboard_iPhone.storyboard */,
				1BBC332416C046D300EBB576 /* MainStoryboard_iPad.storyboard */,
				1BBC332716C046D300EBB576 /* SAxViewController.h */,
				1BBC332816C046D300EBB576 /* SAxViewController.m */,
				1B6EA5E116C0779600963111 /* SAxMLaunchController.h */,
				1B6EA5E216C0779600963111 /* SAxMLaunchController.m */,
				1BDD07E516C3176300126EEC /* SAxDSAViewController.h */,
				1BDD07E616C3176300126EEC /* SAxDSAViewController.m */,
				1BDD07E816C318C500126EEC /* SAxDSAPodTableViewController.h */,
				1BDD07E916C318C500126EEC /* SAxDSAPodTableViewController.m */,
				1BBC331016C046D300EBB576 /* Supporting Files */,
			);
			path = "SAx Lite2";
			sourceTree = "<group>";
		};
		1BBC331016C046D300EBB576 /* Supporting Files */ = {
			isa = PBXGroup;
			children = (
				1BBC331116C046D300EBB576 /* SAx Lite2-Info.plist */,
				1BBC331216C046D300EBB576 /* InfoPlist.strings */,
				1BBC331516C046D300EBB576 /* main.m */,
				1BBC331716C046D300EBB576 /* SAx Lite2-Prefix.pch */,
				1BBC331B16C046D300EBB576 /* Default.png */,
				1BBC331D16C046D300EBB576 /* Default@2x.png */,
				1BBC331F16C046D300EBB576 /* Default-568h@2x.png */,
				1BDD07EE16C3406700126EEC /* SAx_DashboardPods.plist */,
			);
			name = "Supporting Files";
			sourceTree = "<group>";
		};
		1BBC332F16C0471800EBB576 /* Images */ = {
			isa = PBXGroup;
			children = (
				1BDD07F016C34B8A00126EEC /* colorful_chart.png */,
				1B6EA5E516C0A27300963111 /* SAxM_Launch_Pad_CIA_150x150_sel.png */,
				1B6EA5E616C0A27300963111 /* SAxM_Launch_Pad_COA_150x150_sel.png */,
				1B6EA5E716C0A27300963111 /* SAxM_Launch_Pad_DA_150x150_sel.png */,
				1B6EA5E816C0A27300963111 /* SAxM_Launch_Pad_DSA_150x150_sel.png */,
				1B6EA5E916C0A27300963111 /* SAxM_Launch_Pad_TPA_150x150_sel.png */,
				1B6EA5EA16C0A27300963111 /* SAxM_Launch_Pad_UR_150x150_sel.png */,
				1BBC333016C0475C00EBB576 /* SAxC_238x31.png */,
				1BBC333116C0475C00EBB576 /* SAxM_238x31.png */,
				1BBC333216C0475C00EBB576 /* SAxM_Launch_Pad_CIA_150x150.png */,
				1BBC333316C0475C00EBB576 /* SAxM_Launch_Pad_COA_150x150.png */,
				1BBC333416C0475C00EBB576 /* SAxM_Launch_Pad_DA_150x150.png */,
				1BBC333516C0475C00EBB576 /* SAxM_Launch_Pad_DSA_150x150.png */,
				1BBC333616C0475C00EBB576 /* SAxM_Launch_Pad_TPA_150x150.png */,
				1BBC333716C0475C00EBB576 /* SAxM_Launch_Pad_UR_150x150.png */,
			);
			name = Images;
			sourceTree = "<group>";
		};
/* End PBXGroup section */

/* Begin PBXNativeTarget section */
		1BBC330516C046D300EBB576 /* SAx Lite2 */ = {
			isa = PBXNativeTarget;
			buildConfigurationList = 1BBC332C16C046D300EBB576 /* Build configuration list for PBXNativeTarget "SAx Lite2" */;
			buildPhases = (
				1BBC330216C046D300EBB576 /* Sources */,
				1BBC330316C046D300EBB576 /* Frameworks */,
				1BBC330416C046D300EBB576 /* Resources */,
			);
			buildRules = (
			);
			dependencies = (
			);
			name = "SAx Lite2";
			productName = "SAx Lite2";
			productReference = 1BBC330616C046D300EBB576 /* SAx Lite2.app */;
			productType = "com.apple.product-type.application";
		};
/* End PBXNativeTarget section */

/* Begin PBXProject section */
		1BBC32FE16C046D300EBB576 /* Project object */ = {
			isa = PBXProject;
			attributes = {
				CLASSPREFIX = SAx;
				LastUpgradeCheck = 0460;
				ORGANIZATIONNAME = "Fabrice Guillaume";
			};
			buildConfigurationList = 1BBC330116C046D300EBB576 /* Build configuration list for PBXProject "SAx Lite2" */;
			compatibilityVersion = "Xcode 3.2";
			developmentRegion = English;
			hasScannedForEncodings = 0;
			knownRegions = (
				en,
			);
			mainGroup = 1BBC32FD16C046D300EBB576;
			productRefGroup = 1BBC330716C046D300EBB576 /* Products */;
			projectDirPath = "";
			projectRoot = "";
			targets = (
				1BBC330516C046D300EBB576 /* SAx Lite2 */,
			);
		};
/* End PBXProject section */

/* Begin PBXResourcesBuildPhase section */
		1BBC330416C046D300EBB576 /* Resources */ = {
			isa = PBXResourcesBuildPhase;
			buildActionMask = 2147483647;
			files = (
				1BBC331416C046D300EBB576 /* InfoPlist.strings in Resources */,
				1BBC331C16C046D300EBB576 /* Default.png in Resources */,
				1BBC331E16C046D300EBB576 /* Default@2x.png in Resources */,
				1BBC332016C046D300EBB576 /* Default-568h@2x.png in Resources */,
				1BBC332316C046D300EBB576 /* MainStoryboard_iPhone.storyboard in Resources */,
				1BBC332616C046D300EBB576 /* MainStoryboard_iPad.storyboard in Resources */,
				1BBC333816C0475C00EBB576 /* SAxC_238x31.png in Resources */,
				1BBC333916C0475C00EBB576 /* SAxM_238x31.png in Resources */,
				1BBC333A16C0475C00EBB576 /* SAxM_Launch_Pad_CIA_150x150.png in Resources */,
				1BBC333B16C0475C00EBB576 /* SAxM_Launch_Pad_COA_150x150.png in Resources */,
				1BBC333C16C0475C00EBB576 /* SAxM_Launch_Pad_DA_150x150.png in Resources */,
				1BBC333D16C0475C00EBB576 /* SAxM_Launch_Pad_DSA_150x150.png in Resources */,
				1BBC333E16C0475C00EBB576 /* SAxM_Launch_Pad_TPA_150x150.png in Resources */,
				1BBC333F16C0475C00EBB576 /* SAxM_Launch_Pad_UR_150x150.png in Resources */,
				1B6EA5EB16C0A27300963111 /* SAxM_Launch_Pad_CIA_150x150_sel.png in Resources */,
				1B6EA5EC16C0A27300963111 /* SAxM_Launch_Pad_COA_150x150_sel.png in Resources */,
				1B6EA5ED16C0A27300963111 /* SAxM_Launch_Pad_DA_150x150_sel.png in Resources */,
				1B6EA5EE16C0A27300963111 /* SAxM_Launch_Pad_DSA_150x150_sel.png in Resources */,
				1B6EA5EF16C0A27300963111 /* SAxM_Launch_Pad_TPA_150x150_sel.png in Resources */,
				1B6EA5F016C0A27300963111 /* SAxM_Launch_Pad_UR_150x150_sel.png in Resources */,
				1BDD07EF16C3406700126EEC /* SAx_DashboardPods.plist in Resources */,
				1BDD07F116C34B8A00126EEC /* colorful_chart.png in Resources */,
				1BAB4F9B16C545200029E78C /* ShinobiSettings.plist in Resources */,
			);
			runOnlyForDeploymentPostprocessing = 0;
		};
/* End PBXResourcesBuildPhase section */

/* Begin PBXSourcesBuildPhase section */
		1BBC330216C046D300EBB576 /* Sources */ = {
			isa = PBXSourcesBuildPhase;
			buildActionMask = 2147483647;
			files = (
				1BBC331616C046D300EBB576 /* main.m in Sources */,
				1BBC331A16C046D300EBB576 /* SAxAppDelegate.m in Sources */,
				1BBC332916C046D300EBB576 /* SAxViewController.m in Sources */,
				1B6EA5E316C0779600963111 /* SAxMLaunchController.m in Sources */,
				1BDD07E716C3176300126EEC /* SAxDSAViewController.m in Sources */,
				1BDD07EA16C318C500126EEC /* SAxDSAPodTableViewController.m in Sources */,
				1BAB4F9916C543C70029E78C /* ShinobiLicense.m in Sources */,
				1BAB4F9F16C55B830029E78C /* SAxRequestGetData.m in Sources */,
				1BAB4FB916C55FFD0029E78C /* DataProviderService.m in Sources */,
				1BAB4FBA16C55FFD0029E78C /* ns1.m in Sources */,
				1BAB4FBB16C55FFD0029E78C /* NSDate+ISO8601Parsing.m in Sources */,
				1BAB4FBC16C55FFD0029E78C /* NSDate+ISO8601Unparsing.m in Sources */,
				1BAB4FBD16C55FFD0029E78C /* tns1.m in Sources */,
				1BAB4FBE16C55FFD0029E78C /* tns2.m in Sources */,
				1BAB4FBF16C55FFD0029E78C /* tns3.m in Sources */,
				1BAB4FC016C55FFD0029E78C /* tns4.m in Sources */,
				1BAB4FC116C55FFD0029E78C /* tns5.m in Sources */,
				1BAB4FC216C55FFD0029E78C /* USAdditions.m in Sources */,
				1BAB4FC316C55FFD0029E78C /* USGlobals.m in Sources */,
				1BAB4FC416C55FFD0029E78C /* xs.m in Sources */,
			);
			runOnlyForDeploymentPostprocessing = 0;
		};
/* End PBXSourcesBuildPhase section */

/* Begin PBXVariantGroup section */
		1BBC331216C046D300EBB576 /* InfoPlist.strings */ = {
			isa = PBXVariantGroup;
			children = (
				1BBC331316C046D300EBB576 /* en */,
			);
			name = InfoPlist.strings;
			sourceTree = "<group>";
		};
		1BBC332116C046D300EBB576 /* MainStoryboard_iPhone.storyboard */ = {
			isa = PBXVariantGroup;
			children = (
				1BBC332216C046D300EBB576 /* en */,
			);
			name = MainStoryboard_iPhone.storyboard;
			sourceTree = "<group>";
		};
		1BBC332416C046D300EBB576 /* MainStoryboard_iPad.storyboard */ = {
			isa = PBXVariantGroup;
			children = (
				1BBC332516C046D300EBB576 /* en */,
			);
			name = MainStoryboard_iPad.storyboard;
			sourceTree = "<group>";
		};
/* End PBXVariantGroup section */

/* Begin XCBuildConfiguration section */
		1BBC332A16C046D300EBB576 /* Debug */ = {
			isa = XCBuildConfiguration;
			buildSettings = {
				ALWAYS_SEARCH_USER_PATHS = NO;
				CLANG_CXX_LANGUAGE_STANDARD = "gnu++0x";
				CLANG_CXX_LIBRARY = "libc++";
				CLANG_ENABLE_OBJC_ARC = YES;
				CLANG_WARN_CONSTANT_CONVERSION = YES;
				CLANG_WARN_EMPTY_BODY = YES;
				CLANG_WARN_ENUM_CONVERSION = YES;
				CLANG_WARN_INT_CONVERSION = YES;
				CLANG_WARN__DUPLICATE_METHOD_MATCH = YES;
				"CODE_SIGN_IDENTITY[sdk=iphoneos*]" = "iPhone Developer";
				COPY_PHASE_STRIP = NO;
				GCC_C_LANGUAGE_STANDARD = gnu99;
				GCC_DYNAMIC_NO_PIC = NO;
				GCC_OPTIMIZATION_LEVEL = 0;
				GCC_PREPROCESSOR_DEFINITIONS = (
					"DEBUG=1",
					"$(inherited)",
				);
				GCC_SYMBOLS_PRIVATE_EXTERN = NO;
				GCC_WARN_ABOUT_RETURN_TYPE = YES;
				GCC_WARN_UNINITIALIZED_AUTOS = YES;
				GCC_WARN_UNUSED_VARIABLE = YES;
				IPHONEOS_DEPLOYMENT_TARGET = 6.1;
				ONLY_ACTIVE_ARCH = YES;
				SDKROOT = iphoneos;
				TARGETED_DEVICE_FAMILY = "1,2";
			};
			name = Debug;
		};
		1BBC332B16C046D300EBB576 /* Release */ = {
			isa = XCBuildConfiguration;
			buildSettings = {
				ALWAYS_SEARCH_USER_PATHS = NO;
				CLANG_CXX_LANGUAGE_STANDARD = "gnu++0x";
				CLANG_CXX_LIBRARY = "libc++";
				CLANG_ENABLE_OBJC_ARC = YES;
				CLANG_WARN_CONSTANT_CONVERSION = YES;
				CLANG_WARN_EMPTY_BODY = YES;
				CLANG_WARN_ENUM_CONVERSION = YES;
				CLANG_WARN_INT_CONVERSION = YES;
				CLANG_WARN__DUPLICATE_METHOD_MATCH = YES;
				"CODE_SIGN_IDENTITY[sdk=iphoneos*]" = "iPhone Developer";
				COPY_PHASE_STRIP = YES;
				GCC_C_LANGUAGE_STANDARD = gnu99;
				GCC_WARN_ABOUT_RETURN_TYPE = YES;
				GCC_WARN_UNINITIALIZED_AUTOS = YES;
				GCC_WARN_UNUSED_VARIABLE = YES;
				IPHONEOS_DEPLOYMENT_TARGET = 6.1;
				OTHER_CFLAGS = "-DNS_BLOCK_ASSERTIONS=1";
				SDKROOT = iphoneos;
				TARGETED_DEVICE_FAMILY = "1,2";
				VALIDATE_PRODUCT = YES;
			};
			name = Release;
		};
		1BBC332D16C046D300EBB576 /* Debug */ = {
			isa = XCBuildConfiguration;
			buildSettings = {
				FRAMEWORK_SEARCH_PATHS = (
					"$(inherited)",
					"\"$(SRCROOT)\"",
					"\"$(SRCROOT)/../../../ShinobiCharts Trial/ShinobiCharts.embeddedframework\"",
					"\"$(SRCROOT)/ShinobiCharts.embeddedframework\"",
				);
				GCC_PRECOMPILE_PREFIX_HEADER = YES;
				GCC_PREFIX_HEADER = "SAx Lite2/SAx Lite2-Prefix.pch";
				INFOPLIST_FILE = "SAx Lite2/SAx Lite2-Info.plist";
				IPHONEOS_DEPLOYMENT_TARGET = 6.1;
				LIBRARY_SEARCH_PATHS = (
					"$(inherited)",
					"\"$(SRCROOT)/../../../CorePlot/CorePlot_1.1/Binaries/iOS\"",
					"\"$(SRCROOT)\"",
				);
				OTHER_CFLAGS = "-I/usr/include/libxml2";
				OTHER_LDFLAGS = "-lxml2";
				PRODUCT_NAME = "$(TARGET_NAME)";
				WRAPPER_EXTENSION = app;
			};
			name = Debug;
		};
		1BBC332E16C046D300EBB576 /* Release */ = {
			isa = XCBuildConfiguration;
			buildSettings = {
				FRAMEWORK_SEARCH_PATHS = (
					"$(inherited)",
					"\"$(SRCROOT)\"",
					"\"$(SRCROOT)/../../../ShinobiCharts Trial/ShinobiCharts.embeddedframework\"",
					"\"$(SRCROOT)/ShinobiCharts.embeddedframework\"",
				);
				GCC_PRECOMPILE_PREFIX_HEADER = YES;
				GCC_PREFIX_HEADER = "SAx Lite2/SAx Lite2-Prefix.pch";
				INFOPLIST_FILE = "SAx Lite2/SAx Lite2-Info.plist";
				IPHONEOS_DEPLOYMENT_TARGET = 6.1;
				LIBRARY_SEARCH_PATHS = (
					"$(inherited)",
					"\"$(SRCROOT)/../../../CorePlot/CorePlot_1.1/Binaries/iOS\"",
					"\"$(SRCROOT)\"",
				);
				OTHER_CFLAGS = "-I/usr/include/libxml2";
				OTHER_LDFLAGS = "-lxml2";
				PRODUCT_NAME = "$(TARGET_NAME)";
				WRAPPER_EXTENSION = app;
			};
			name = Release;
		};
/* End XCBuildConfiguration section */

/* Begin XCConfigurationList section */
		1BBC330116C046D300EBB576 /* Build configuration list for PBXProject "SAx Lite2" */ = {
			isa = XCConfigurationList;
			buildConfigurations = (
				1BBC332A16C046D300EBB576 /* Debug */,
				1BBC332B16C046D300EBB576 /* Release */,
			);
			defaultConfigurationIsVisible = 0;
			defaultConfigurationName = Release;
		};
		1BBC332C16C046D300EBB576 /* Build configuration list for PBXNativeTarget "SAx Lite2" */ = {
			isa = XCConfigurationList;
			buildConfigurations = (
				1BBC332D16C046D300EBB576 /* Debug */,
				1BBC332E16C046D300EBB576 /* Release */,
			);
			defaultConfigurationIsVisible = 0;
			defaultConfigurationName = Release;
		};
/* End XCConfigurationList section */
	};
	rootObject = 1BBC32FE16C046D300EBB576 /* Project object */;
}
